<Solution>
  <Project Path="XRim.Simulation.csproj" />
  <Project Path="XRim.DebugTools.csproj" />
  <Project Path="XRim.Config.csproj" />
  <Project Path="XRim.Presentation.csproj" />
  <Project Path="XRim.Tests.EditMode.csproj" />
  <Project Path="XRim.Rules.csproj" />
  <Project Path="XRim.Networking.csproj" />
  <Project Path="XRim.Simulation.Unity2D.csproj" />
  <Project Path="XRim.Economy.csproj" />
  <Project Path="XRim.Editor.csproj" />
  <Project Path="XRim.Input.csproj" />
  <Project Path="XRim.Core.csproj" />
  <Project Path="XRim.App.csproj" />
  <Project Path="XRim.Tests.PlayMode.csproj" />
  <Project Path="XRim.Bots.csproj" />
</Solution>
